
Microsoft Visual Studio Solution File, Format Version 12.00
# Visual Studio Version 16
VisualStudioVersion = 16.0.31729.503
MinimumVisualStudioVersion = 10.0.40219.1
Project("{8BC9CEB8-8B4A-11D0-8D11-00A0C91BC942}") = "7.11 p40", "7.11 p40.vcxproj", "{E56DE91B-FB29-43F3-9B94-8F0733761306}"
EndProject
Global
	GlobalSection(SolutionConfigurationPlatforms) = preSolution
		Debug|x64 = Debug|x64
		Debug|x86 = Debug|x86
		Release|x64 = Release|x64
		Release|x86 = Release|x86
	EndGlobalSection
	GlobalSection(ProjectConfigurationPlatforms) = postSolution
		{E56DE91B-FB29-43F3-9B94-8F0733761306}.Debug|x64.ActiveCfg = Debug|x64
		{E56DE91B-FB29-43F3-9B94-8F0733761306}.Debug|x64.Build.0 = Debug|x64
		{E56DE91B-FB29-43F3-9B94-8F0733761306}.Debug|x86.ActiveCfg = Debug|Win32
		{E56DE91B-FB29-43F3-9B94-8F0733761306}.Debug|x86.Build.0 = Debug|Win32
		{E56DE91B-FB29-43F3-9B94-8F0733761306}.Release|x64.ActiveCfg = Release|x64
		{E56DE91B-FB29-43F3-9B94-8F0733761306}.Release|x64.Build.0 = Release|x64
		{E56DE91B-FB29-43F3-9B94-8F0733761306}.Release|x86.ActiveCfg = Release|Win32
		{E56DE91B-FB29-43F3-9B94-8F0733761306}.Release|x86.Build.0 = Release|Win32
	EndGlobalSection
	GlobalSection(SolutionProperties) = preSolution
		HideSolutionNode = FALSE
	EndGlobalSection
	GlobalSection(ExtensibilityGlobals) = postSolution
		SolutionGuid = {0786FBB3-7BB8-4417-95FE-DC9B667A0763}
	EndGlobalSection
EndGlobal
